{
	"requires": true,
	"lockfileVersion": 1,
	"dependencies": {
		"@fortawesome/fontawesome-free": {
			"version": "5.9.0",
			"resolved": "https://registry.npmjs.org/@fortawesome/fontawesome-free/-/fontawesome-free-5.9.0.tgz",
			"integrity": "sha512-g795BBEzM/Hq2SYNPm/NQTIp3IWd4eXSH0ds87Na2jnrAUFX3wkyZAI4Gwj9DOaWMuz2/01i8oWI7P7T/XLkhg==",
			"dev": true
		},
		"nativescript-background-http": {
			"version": "4.0.0",
			"resolved": "https://registry.npmjs.org/nativescript-background-http/-/nativescript-background-http-4.0.0.tgz",
			"integrity": "sha512-2LKtx8sormK9TcX9IzhsPIvWWPuI9U03hoIhgyQdTFkTCz5qIUD7HR2mgY7NXMwxfvHF4BcdjvgLtZJGBo9t6A=="
		},
		"nativescript-bluetooth": {
			"version": "2.0.0-beta.1",
			"resolved": "https://registry.npmjs.org/nativescript-bluetooth/-/nativescript-bluetooth-2.0.0-beta.1.tgz",
			"integrity": "sha512-g+Ui9xM2jFisOrYqRhSjQIXFd0bGwQltTBK4rQvsNFMVENR1fe8UcF2M1viEcSenEemrfyyyCEhV0cCM0RrJWQ==",
			"requires": {
				"p-queue": "^3.0.0"
			}
		},
		"nativescript-camera": {
			"version": "4.5.0",
			"resolved": "https://registry.npmjs.org/nativescript-camera/-/nativescript-camera-4.5.0.tgz",
			"integrity": "sha512-Ecw9JH0CNgnGKXfqD1oifMoIOSnKBgWkecwVpdKfrChkQaCdKDFWdfdJ6X8+YTSwJH4n43e74JmrPzLN2eitwQ==",
			"requires": {
				"nativescript-permissions": "~1.3.0"
			}
		},
		"nativescript-dna-deviceinfo": {
			"version": "2.4.2",
			"resolved": "https://registry.npmjs.org/nativescript-dna-deviceinfo/-/nativescript-dna-deviceinfo-2.4.2.tgz",
			"integrity": "sha512-2WzHNBvpsc8NSFuFkWoLvy3MmrOrSMfZrh+Q58AHAK+xK4sSnmoeaz8SmWGwCbLbSmjE570sc9b+WpH7hu2fvQ=="
		},
		"nativescript-dom": {
			"version": "2.0.2",
			"resolved": "https://registry.npmjs.org/nativescript-dom/-/nativescript-dom-2.0.2.tgz",
			"integrity": "sha512-VEY1X10QRZlJEeZUdrwrGoslKqeS03BloaL5OWaXeHmdtmgzaTo3yjIg4ZJOLFWpHme3xAmn+mEn5HLtUJH+NQ=="
		},
		"nativescript-globalevents": {
			"version": "1.2.2",
			"resolved": "https://registry.npmjs.org/nativescript-globalevents/-/nativescript-globalevents-1.2.2.tgz",
			"integrity": "sha512-fX1QEe5qnhDnfHPToDisY64sIqi3A5YQc7mW6TNs1iOTSBS0oMRiq2rRLy3DnPrkEVxRYAaL9yCKDkbD12W7UQ=="
		},
		"nativescript-insomnia": {
			"version": "1.2.3",
			"resolved": "https://registry.npmjs.org/nativescript-insomnia/-/nativescript-insomnia-1.2.3.tgz",
			"integrity": "sha512-NQ6kDqrqAA9USnEM6RzETgm2XdsPYYu59/+CKLLsBxz2I9FP9ZFpX3FSkeqA5gStKn04+Q9aC8izOQo0KfsMoQ=="
		},
		"nativescript-loading-indicator-new": {
			"version": "2.1.0",
			"resolved": "https://registry.npmjs.org/nativescript-loading-indicator-new/-/nativescript-loading-indicator-new-2.1.0.tgz",
			"integrity": "sha1-jBW2lGH2h2J9hG1DAyKumHtOy+I="
		},
		"nativescript-ocr": {
			"version": "1.0.0",
			"resolved": "https://registry.npmjs.org/nativescript-ocr/-/nativescript-ocr-1.0.0.tgz",
			"integrity": "sha1-dNfTCyZnU9yeeXeR3wgrUZAOf8c="
		},
		"nativescript-orientation": {
			"version": "2.2.1",
			"resolved": "https://registry.npmjs.org/nativescript-orientation/-/nativescript-orientation-2.2.1.tgz",
			"integrity": "sha512-VnQ6QTzyAex6arb5Pw6GXSFZzyj/KkAI6gdkLApFiwQq6pi/wYoTGTxL28zFCDb22J669wnZHEZeedfrWgu22g==",
			"requires": {
				"nativescript-dom": "^2.0.0",
				"nativescript-globalevents": "^1.2.1"
			}
		},
		"nativescript-permissions": {
			"version": "1.3.6",
			"resolved": "https://registry.npmjs.org/nativescript-permissions/-/nativescript-permissions-1.3.6.tgz",
			"integrity": "sha512-fkuoboLNdnc3SKdpbffR0Pd84G6iY7GKPirgQLrOFNMP6gLEO8fqJGY1+iFr562sPvlRhCMBjpmauMZuLMwHoQ=="
		},
		"nativescript-sound": {
			"version": "1.0.4",
			"resolved": "https://registry.npmjs.org/nativescript-sound/-/nativescript-sound-1.0.4.tgz",
			"integrity": "sha1-6K0KrNjrX7TjUvta6f3S1g3jmes="
		},
		"nativescript-theme-core": {
			"version": "1.0.6",
			"resolved": "https://registry.npmjs.org/nativescript-theme-core/-/nativescript-theme-core-1.0.6.tgz",
			"integrity": "sha512-p9v8w0xC/WJDJat/HwxJ/u7Xf50i3JiZR0zx0M7445Gi4HaBClFcjfVc+TLOZEARU4RKauBTopYlLN4xke6tYw=="
		},
		"nativescript-toast": {
			"version": "2.0.0",
			"resolved": "https://registry.npmjs.org/nativescript-toast/-/nativescript-toast-2.0.0.tgz",
			"integrity": "sha512-xqyNfFS894oGfrEVO7CjpioAQLiLNNcd77Euq9XIUTf1U3W0PsIgAJbLP7+kkVGIJxdLtlBkbcQ4wDmf2DCi1w=="
		},
		"nativescript-vibrate": {
			"version": "2.1.3",
			"resolved": "https://registry.npmjs.org/nativescript-vibrate/-/nativescript-vibrate-2.1.3.tgz",
			"integrity": "sha512-m+FPB4+j24kI+vtujJQ6bV+9yMFgEmaCdrPm8DghY/yw7WUNYHgX0BCLk1TW1VE/AWRUUN6fmBXnkz9o9hz7hw=="
		},
		"p-queue": {
			"version": "3.2.0",
			"resolved": "https://registry.npmjs.org/p-queue/-/p-queue-3.2.0.tgz",
			"integrity": "sha512-D2OjWeETS1Bjov7d82VclyMRigjZtMdALWV04u0H2zPvV3sYC8f6sYBgQ2Z0OHoBGUYh9S8cHtJqMAO8xaHEwg=="
		},
		"tns-core-modules": {
			"version": "5.4.0-androidx-2019-03-22-160602-06",
			"resolved": "https://registry.npmjs.org/tns-core-modules/-/tns-core-modules-5.4.0-androidx-2019-03-22-160602-06.tgz",
			"integrity": "sha512-BCa0aJa7kjDE0uI1YGLobq73Enn24JY4Pr+CmmBWLSpyP/6T7LHkQ1sO/rxnhmNjRghzXS9Zlo8mgxkos4SomQ==",
			"requires": {
				"tns-core-modules-widgets": "5.4.0-androidx-2019-03-22-160602-06",
				"tslib": "^1.9.3"
			}
		},
		"tns-core-modules-widgets": {
			"version": "5.4.0-androidx-2019-03-22-160602-06",
			"resolved": "https://registry.npmjs.org/tns-core-modules-widgets/-/tns-core-modules-widgets-5.4.0-androidx-2019-03-22-160602-06.tgz",
			"integrity": "sha512-vQg8VWRzsyJsv+SPg7kfAt4X1ZH5HQ5OH53N42yQ0cnBCdAZezUdsuuGXY9HNWrxr35c+yhb6TMcSuOYU00SSg=="
		},
		"tns-platform-declarations": {
			"version": "5.4.0-androidx-2019-03-22-160602-06",
			"resolved": "https://registry.npmjs.org/tns-platform-declarations/-/tns-platform-declarations-5.4.0-androidx-2019-03-22-160602-06.tgz",
			"integrity": "sha512-4PzxAGqI2nJkT6uCiPuxzbqLebTsEeqbXZ0It5S4V1V48nUz3F+L6j6gdKBq3xMHoU2DZYqYVPIHPLABY2XlMQ=="
		},
		"tslib": {
			"version": "1.10.0",
			"resolved": "https://registry.npmjs.org/tslib/-/tslib-1.10.0.tgz",
			"integrity": "sha512-qOebF53frne81cf0S9B41ByenJ3/IuH8yJKngAX35CmiZySA0khhkovshKK+jGCaMnVomla7gVlIcc3EvKPbTQ=="
		}
	}
}
