{
	"requires": true,
	"lockfileVersion": 1,
	"dependencies": {
		"@fortawesome/fontawesome-free": {
			"version": "5.9.0",
			"resolved": "https://registry.npmjs.org/@fortawesome/fontawesome-free/-/fontawesome-free-5.9.0.tgz",
			"integrity": "sha512-g795BBEzM/Hq2SYNPm/NQTIp3IWd4eXSH0ds87Na2jnrAUFX3wkyZAI4Gwj9DOaWMuz2/01i8oWI7P7T/XLkhg==",
			"dev": true
		},
		"balanced-match": {
			"version": "1.0.0",
			"resolved": "https://registry.npmjs.org/balanced-match/-/balanced-match-1.0.0.tgz",
			"integrity": "sha1-ibTRmasr7kneFk6gK4nORi1xt2c=",
			"dev": true
		},
		"base-64": {
			"version": "0.1.0",
			"resolved": "https://registry.npmjs.org/base-64/-/base-64-0.1.0.tgz",
			"integrity": "sha1-eAqZyE59YAJgNhURxId2E78k9rs="
		},
		"brace-expansion": {
			"version": "1.1.11",
			"resolved": "https://registry.npmjs.org/brace-expansion/-/brace-expansion-1.1.11.tgz",
			"integrity": "sha512-iCuPHDFgrHX7H2vEI/5xpz07zSHB00TpugqhmYtVmMO6518mCuRMoOYFldEBl0g187ufozdaHgWKcYFb61qGiA==",
			"dev": true,
			"requires": {
				"balanced-match": "^1.0.0",
				"concat-map": "0.0.1"
			}
		},
		"concat-map": {
			"version": "0.0.1",
			"resolved": "https://registry.npmjs.org/concat-map/-/concat-map-0.0.1.tgz",
			"integrity": "sha1-2Klr13/Wjfd5OnMDajug1UBdR3s=",
			"dev": true
		},
		"glob": {
			"version": "6.0.4",
			"resolved": "https://registry.npmjs.org/glob/-/glob-6.0.4.tgz",
			"integrity": "sha1-DwiGD2oVUSey+t1PnOJLGqtuTSI=",
			"dev": true,
			"requires": {
				"inflight": "^1.0.4",
				"inherits": "2",
				"minimatch": "2 || 3",
				"once": "^1.3.0",
				"path-is-absolute": "^1.0.0"
			}
		},
		"inflight": {
			"version": "1.0.6",
			"resolved": "https://registry.npmjs.org/inflight/-/inflight-1.0.6.tgz",
			"integrity": "sha1-Sb1jMdfQLQwJvJEKEHW6gWW1bfk=",
			"dev": true,
			"requires": {
				"once": "^1.3.0",
				"wrappy": "1"
			}
		},
		"inherits": {
			"version": "2.0.4",
			"resolved": "https://registry.npmjs.org/inherits/-/inherits-2.0.4.tgz",
			"integrity": "sha512-k/vGaX4/Yla3WzyMCvTQOXYeIHvqOKtnqBduzTHpzpQZzAskKMhZ2K+EnBiSM9zGSoIFeMpXKxa4dYeZIQqewQ==",
			"dev": true
		},
		"minimatch": {
			"version": "3.0.4",
			"resolved": "https://registry.npmjs.org/minimatch/-/minimatch-3.0.4.tgz",
			"integrity": "sha512-yJHVQEhyqPLUTgt9B83PXu6W3rx4MvvHvSUvToogpwoGDOUQ+yDrR0HRot+yOCdCO7u4hX3pWft6kWBBcqh0UA==",
			"dev": true,
			"requires": {
				"brace-expansion": "^1.1.7"
			}
		},
		"minimist": {
			"version": "0.0.8",
			"resolved": "https://registry.npmjs.org/minimist/-/minimist-0.0.8.tgz",
			"integrity": "sha1-hX/Kv8M5fSYluCKCYuhqp6ARsF0=",
			"dev": true
		},
		"mkdirp": {
			"version": "0.5.1",
			"resolved": "https://registry.npmjs.org/mkdirp/-/mkdirp-0.5.1.tgz",
			"integrity": "sha1-MAV0OOrGz3+MR2fzhkjWaX11yQM=",
			"dev": true,
			"requires": {
				"minimist": "0.0.8"
			}
		},
		"nativescript-background-http": {
			"version": "3.3.1",
			"resolved": "https://registry.npmjs.org/nativescript-background-http/-/nativescript-background-http-3.3.1.tgz",
			"integrity": "sha512-Y0ryFxKpXLv1sym1gMaqS2n4d3GhFcGnHc1ehL5gOjpv1E589dYCQnhrkEkn8U6Syq40au4exnsw45/QfEw+/g=="
		},
		"nativescript-bluetooth": {
			"version": "1.1.6",
			"resolved": "https://registry.npmjs.org/nativescript-bluetooth/-/nativescript-bluetooth-1.1.6.tgz",
			"integrity": "sha1-Tff0EappjQ/FZaf7H/NgbjY/m/Q="
		},
		"nativescript-camera": {
			"version": "4.5.0",
			"resolved": "https://registry.npmjs.org/nativescript-camera/-/nativescript-camera-4.5.0.tgz",
			"integrity": "sha512-Ecw9JH0CNgnGKXfqD1oifMoIOSnKBgWkecwVpdKfrChkQaCdKDFWdfdJ6X8+YTSwJH4n43e74JmrPzLN2eitwQ==",
			"requires": {
				"nativescript-permissions": "~1.3.0"
			}
		},
		"nativescript-dev-typescript": {
			"version": "0.10.0",
			"resolved": "https://registry.npmjs.org/nativescript-dev-typescript/-/nativescript-dev-typescript-0.10.0.tgz",
			"integrity": "sha512-8NqJVNg+HEkEEEZ7ZyPnHSUjg18ewB0atyFBcIHFPbim4QYsgP+DCz/QxrsqcBKs6uQRFctBM06mYXUjX9JcMA==",
			"dev": true,
			"requires": {
				"nativescript-hook": "^0.2.0",
				"semver": "5.5.0",
				"typescript": "~3.4.5"
			}
		},
		"nativescript-dom": {
			"version": "2.0.2",
			"resolved": "https://registry.npmjs.org/nativescript-dom/-/nativescript-dom-2.0.2.tgz",
			"integrity": "sha512-VEY1X10QRZlJEeZUdrwrGoslKqeS03BloaL5OWaXeHmdtmgzaTo3yjIg4ZJOLFWpHme3xAmn+mEn5HLtUJH+NQ=="
		},
		"nativescript-downloader": {
			"version": "1.1.0",
			"resolved": "https://registry.npmjs.org/nativescript-downloader/-/nativescript-downloader-1.1.0.tgz",
			"integrity": "sha512-w95RWteVcAm+nucqkheVn6K5WwPuUzZJkEMbwOlG/B9/Af7zBXKHM4PRrH5qJh6njP5ycFy8IetHfG907RNFmg=="
		},
		"nativescript-globalevents": {
			"version": "1.2.2",
			"resolved": "https://registry.npmjs.org/nativescript-globalevents/-/nativescript-globalevents-1.2.2.tgz",
			"integrity": "sha512-fX1QEe5qnhDnfHPToDisY64sIqi3A5YQc7mW6TNs1iOTSBS0oMRiq2rRLy3DnPrkEVxRYAaL9yCKDkbD12W7UQ=="
		},
		"nativescript-hook": {
			"version": "0.2.5",
			"resolved": "https://registry.npmjs.org/nativescript-hook/-/nativescript-hook-0.2.5.tgz",
			"integrity": "sha512-ciGJtNbtMB2lGv8jAkUripkRjd3g8atX9VYPSt6e8PI6YPiOKeoma3xjcXoW66pFMYpHnfrbp6Mq9U/QtiQrVg==",
			"dev": true,
			"requires": {
				"glob": "^6.0.1",
				"mkdirp": "^0.5.1"
			}
		},
		"nativescript-imagepicker": {
			"version": "7.1.0",
			"resolved": "https://registry.npmjs.org/nativescript-imagepicker/-/nativescript-imagepicker-7.1.0.tgz",
			"integrity": "sha512-YFVwmPz7mv7mNXA7vmnIXmqPZiWxH4RoJPDL3m34egV8Ae9mKJCXZxl2LyPraOP+T4v6iXsxV9NSbjg0kMDuNQ==",
			"requires": {
				"nativescript-permissions": "~1.3.0"
			}
		},
		"nativescript-insomnia": {
			"version": "1.2.3",
			"resolved": "https://registry.npmjs.org/nativescript-insomnia/-/nativescript-insomnia-1.2.3.tgz",
			"integrity": "sha512-NQ6kDqrqAA9USnEM6RzETgm2XdsPYYu59/+CKLLsBxz2I9FP9ZFpX3FSkeqA5gStKn04+Q9aC8izOQo0KfsMoQ=="
		},
		"nativescript-loading-indicator-new": {
			"version": "2.1.0",
			"resolved": "https://registry.npmjs.org/nativescript-loading-indicator-new/-/nativescript-loading-indicator-new-2.1.0.tgz",
			"integrity": "sha1-jBW2lGH2h2J9hG1DAyKumHtOy+I="
		},
		"nativescript-mip-ble": {
			"version": "0.2.5",
			"resolved": "https://registry.npmjs.org/nativescript-mip-ble/-/nativescript-mip-ble-0.2.5.tgz",
			"integrity": "sha1-8+dVlNg4URxHIPClsqvFE9BIHD4=",
			"requires": {
				"nativescript-bluetooth": "^1.1.4"
			},
			"dependencies": {
				"nativescript-bluetooth": {
					"version": "1.3.1",
					"resolved": "https://registry.npmjs.org/nativescript-bluetooth/-/nativescript-bluetooth-1.3.1.tgz",
					"integrity": "sha1-9h6Cressk5nT45L5EffwdrKdHXI="
				}
			}
		},
		"nativescript-orientation": {
			"version": "2.2.1",
			"resolved": "https://registry.npmjs.org/nativescript-orientation/-/nativescript-orientation-2.2.1.tgz",
			"integrity": "sha512-VnQ6QTzyAex6arb5Pw6GXSFZzyj/KkAI6gdkLApFiwQq6pi/wYoTGTxL28zFCDb22J669wnZHEZeedfrWgu22g==",
			"requires": {
				"nativescript-dom": "^2.0.0",
				"nativescript-globalevents": "^1.2.1"
			}
		},
		"nativescript-permissions": {
			"version": "1.3.8",
			"resolved": "https://registry.npmjs.org/nativescript-permissions/-/nativescript-permissions-1.3.8.tgz",
			"integrity": "sha512-jB5U/WbCRPZ2N4ho8WC7OsEi+UtbbpIBZ9OyLzNIUixr/ODdTeTgxXzGT3CUHyKBqYm9MrIADdNzCGbFaUo+KA=="
		},
		"nativescript-perms": {
			"version": "2.0.3",
			"resolved": "https://registry.npmjs.org/nativescript-perms/-/nativescript-perms-2.0.3.tgz",
			"integrity": "sha512-jLvZnS35SG7jBgExnb4I64hXNGjmKH/ZYA16n0gSNqFD4AV7cuonpHheLcu208pa+X38yR3+WzwH77V9wBxOnA=="
		},
		"nativescript-platform": {
			"version": "1.3.2",
			"resolved": "https://registry.npmjs.org/nativescript-platform/-/nativescript-platform-1.3.2.tgz",
			"integrity": "sha512-435EewV0e6/2IatODn6qQ8aROyK+/yAxC+mP6G9Z564UgWHz+du0S9pu0rwml7YyIeyTTlPhLwWd5qNX+E5ztg=="
		},
		"nativescript-sound": {
			"version": "1.0.4",
			"resolved": "https://registry.npmjs.org/nativescript-sound/-/nativescript-sound-1.0.4.tgz",
			"integrity": "sha1-6K0KrNjrX7TjUvta6f3S1g3jmes="
		},
		"nativescript-telephony": {
			"version": "1.0.4",
			"resolved": "https://registry.npmjs.org/nativescript-telephony/-/nativescript-telephony-1.0.4.tgz",
			"integrity": "sha1-CPRs7qOeizyFJTypcALUV7sXJaU="
		},
		"nativescript-theme-core": {
			"version": "1.0.6",
			"resolved": "https://registry.npmjs.org/nativescript-theme-core/-/nativescript-theme-core-1.0.6.tgz",
			"integrity": "sha512-p9v8w0xC/WJDJat/HwxJ/u7Xf50i3JiZR0zx0M7445Gi4HaBClFcjfVc+TLOZEARU4RKauBTopYlLN4xke6tYw=="
		},
		"nativescript-toasty": {
			"version": "3.0.0-alpha.2",
			"resolved": "https://registry.npmjs.org/nativescript-toasty/-/nativescript-toasty-3.0.0-alpha.2.tgz",
			"integrity": "sha512-GGYdiPAhGbwITmxnkWL4oCYW//ExR/ir38oqzbAFI7uZD+1NkD7FcCh68vpOvUpHmB09SqeHI30aeuBcTndB+w=="
		},
		"nativescript-vibrate": {
			"version": "2.1.3",
			"resolved": "https://registry.npmjs.org/nativescript-vibrate/-/nativescript-vibrate-2.1.3.tgz",
			"integrity": "sha512-m+FPB4+j24kI+vtujJQ6bV+9yMFgEmaCdrPm8DghY/yw7WUNYHgX0BCLk1TW1VE/AWRUUN6fmBXnkz9o9hz7hw=="
		},
		"once": {
			"version": "1.4.0",
			"resolved": "https://registry.npmjs.org/once/-/once-1.4.0.tgz",
			"integrity": "sha1-WDsap3WWHUsROsF9nFC6753Xa9E=",
			"dev": true,
			"requires": {
				"wrappy": "1"
			}
		},
		"path-is-absolute": {
			"version": "1.0.1",
			"resolved": "https://registry.npmjs.org/path-is-absolute/-/path-is-absolute-1.0.1.tgz",
			"integrity": "sha1-F0uSaHNVNP+8es5r9TpanhtcX18=",
			"dev": true
		},
		"semver": {
			"version": "5.5.0",
			"resolved": "https://registry.npmjs.org/semver/-/semver-5.5.0.tgz",
			"integrity": "sha512-4SJ3dm0WAwWy/NVeioZh5AntkdJoWKxHxcmyP622fOkgHa4z3R0TdBJICINyaSDE6uNwVc8gZr+ZinwZAH4xIA==",
			"dev": true
		},
		"tns-core-modules": {
			"version": "4.1.1",
			"resolved": "https://registry.npmjs.org/tns-core-modules/-/tns-core-modules-4.1.1.tgz",
			"integrity": "sha512-AZCyJVw6f9tFDZJUOgsemEB6rEut+XL2x5pX2Kv8EPGmgUNvPrMfbv45L0SC7DLBQWstfh4/2hzsg92EBmOd9w==",
			"requires": {
				"tns-core-modules-widgets": "4.1.0"
			}
		},
		"tns-core-modules-widgets": {
			"version": "4.1.0",
			"resolved": "https://registry.npmjs.org/tns-core-modules-widgets/-/tns-core-modules-widgets-4.1.0.tgz",
			"integrity": "sha512-Wft3NCJ/++tAMd6nXqtiihX5gIvK0mAch7ft08cscg//NOkSi1OwZ2rhG8JmLSKeSwjtSPT0mw2/hts/bzuguw=="
		},
		"typescript": {
			"version": "3.4.5",
			"resolved": "https://registry.npmjs.org/typescript/-/typescript-3.4.5.tgz",
			"integrity": "sha512-YycBxUb49UUhdNMU5aJ7z5Ej2XGmaIBL0x34vZ82fn3hGvD+bgrMrVDpatgz2f7YxUMJxMkbWxJZeAvDxVe7Vw==",
			"dev": true
		},
		"utf8": {
			"version": "3.0.0",
			"resolved": "https://registry.npmjs.org/utf8/-/utf8-3.0.0.tgz",
			"integrity": "sha512-E8VjFIQ/TyQgp+TZfS6l8yp/xWppSAHzidGiRrqe4bK4XP9pTRyKFgGJpO3SN7zdX4DeomTrwaseCHovfpFcqQ=="
		},
		"wrappy": {
			"version": "1.0.2",
			"resolved": "https://registry.npmjs.org/wrappy/-/wrappy-1.0.2.tgz",
			"integrity": "sha1-tSQ9jz7BqjXxNkYFvA0QNuMKtp8=",
			"dev": true
		}
	}
}
